{
  "version": 2,
  "dependencies": {
    "net7.0": {
      "OpenTelemetry": {
        "type": "Direct",
        "requested": "[1.4.0, )",
        "resolved": "1.4.0",
        "contentHash": "0yHQEYVyYcxxD3H+Zec/e2iw1XU6ksXPKIqUGyqm9jt5ZTkC2OEVAjaqx1Wcr3kua+YEXgebkAbcIiHuK7oUDw==",
        "dependencies": {
          "Microsoft.Extensions.Logging.Configuration": "3.1.0",
          "OpenTelemetry.Api.ProviderBuilderExtensions": "1.4.0"
        }
      },
      "Microsoft.Extensions.Configuration.Abstractions": {
        "type": "Transitive",
        "resolved": "7.0.0",
        "contentHash": "f34u2eaqIjNO9YLHBz8rozVZ+TcFiFs0F3r7nUJd7FRkVSxk8u4OpoK226mi49MwexHOR2ibP9MFvRUaLilcQQ==",
        "dependencies": {
          "Microsoft.Extensions.Primitives": "7.0.0"
        }
      },
      "Microsoft.Extensions.DependencyInjection": {
        "type": "Transitive",
        "resolved": "3.1.0",
        "contentHash": "KVkv3aF2MQpmGFRh4xRx2CNbc2sjDFk+lH4ySrjWSOS+XoY1Xc+sJphw3N0iYOpoeCCq8976ceVYDH8sdx2qIQ==",
        "dependencies": {
          "Microsoft.Extensions.DependencyInjection.Abstractions": "3.1.0"
        }
      },
      "Microsoft.Extensions.DependencyInjection.Abstractions": {
        "type": "Transitive",
        "resolved": "3.1.0",
        "contentHash": "44rDtOf1JXXAFpNT2EXMExaDm/4OJ2RXOL9i9lE4bK427nzC7Exphv+beB6IgluyE2GIoo8zezTStMXI7MQ8WA=="
      },
      "Microsoft.Extensions.Logging": {
        "type": "Transitive",
        "resolved": "3.1.0",
        "contentHash": "P+8sKQ8L4ooL79sxxqwFPxGGC3aBrUDLB/dZqhs4J0XjTyrkeeyJQ4D4nzJB6OnAhy78HIIgQ/RbD6upOXLynw==",
        "dependencies": {
          "Microsoft.Extensions.Configuration.Binder": "3.1.0",
          "Microsoft.Extensions.DependencyInjection": "3.1.0",
          "Microsoft.Extensions.Logging.Abstractions": "3.1.0",
          "Microsoft.Extensions.Options": "3.1.0"
        }
      },
      "Microsoft.Extensions.Logging.Abstractions": {
        "type": "Transitive",
        "resolved": "3.1.0",
        "contentHash": "jjo4YXRx6MIpv6DiRxJjSpl+sPP0+5VW0clMEdLyIAz44PPwrDTFrd5PZckIxIXl1kKZ2KK6IL2nkt0+ug2MQg=="
      },
      "Microsoft.Extensions.Logging.Configuration": {
        "type": "Transitive",
        "resolved": "3.1.0",
        "contentHash": "yW3nIoNM3T5iZg8bRViiCN4+vIU/02l+mlWSvKqWnr0Fd5Uk1zKdT9jBWKEcJhRIWKVWWSpFWXnM5yWoIAy1Eg==",
        "dependencies": {
          "Microsoft.Extensions.Logging": "3.1.0",
          "Microsoft.Extensions.Options.ConfigurationExtensions": "3.1.0"
        }
      },
      "Microsoft.Extensions.Options": {
        "type": "Transitive",
        "resolved": "3.1.0",
        "contentHash": "9b6JHY7TAXrSfZ6EEGf+j8XnqKIiMPErfmaNXhJYSCb+BUW2H4RtzkNJvwLJzwgzqBP0wtTjyA6Uw4BPPdmkMw==",
        "dependencies": {
          "Microsoft.Extensions.DependencyInjection.Abstractions": "3.1.0",
          "Microsoft.Extensions.Primitives": "3.1.0"
        }
      },
      "Microsoft.Extensions.Options.ConfigurationExtensions": {
        "type": "Transitive",
        "resolved": "3.1.0",
        "contentHash": "tx6gMKE3rDspA1YZT8SlQJmyt1BaBSl6mNjB3g0ZO6m3NnoavCifXkGeBuDk9Ae4XjW8C+dty52p+0u38jPRIQ==",
        "dependencies": {
          "Microsoft.Extensions.Configuration.Abstractions": "3.1.0",
          "Microsoft.Extensions.Configuration.Binder": "3.1.0",
          "Microsoft.Extensions.DependencyInjection.Abstractions": "3.1.0",
          "Microsoft.Extensions.Options": "3.1.0"
        }
      },
      "Microsoft.Extensions.Primitives": {
        "type": "Transitive",
        "resolved": "7.0.0",
        "contentHash": "um1KU5kxcRp3CNuI8o/GrZtD4AIOXDk+RLsytjZ9QPok3ttLUelLKpilVPuaFT3TFjOhSibUAso0odbOaCDj3Q=="
      },
      "OpenTelemetry.Api": {
        "type": "Transitive",
        "resolved": "1.4.0",
        "contentHash": "754QKfiEZ3TNR3lOWS+u15qJYOVMWXhuUy8zjCXtgbaJihCFga3Wm3UZ9ggC5CJiUEjyeR6vw66NBZUxMOPTNQ==",
        "dependencies": {
          "System.Diagnostics.DiagnosticSource": "7.0.0"
        }
      },
      "OpenTelemetry.Api.ProviderBuilderExtensions": {
        "type": "Transitive",
        "resolved": "1.4.0",
        "contentHash": "W0Vp2PutW0yJbjRQMTcKhtDlp20kXZqvswQ0EteSoJ4kI3J2Tod5m5RG+3JblAZU3kIwSCzQnhtHT8I4LOvm0g==",
        "dependencies": {
          "Microsoft.Extensions.DependencyInjection.Abstractions": "3.1.0",
          "OpenTelemetry.Api": "1.4.0"
        }
      },
      "System.Diagnostics.DiagnosticSource": {
        "type": "Transitive",
        "resolved": "7.0.0",
        "contentHash": "9W0ewWDuAyDqS2PigdTxk6jDKonfgscY/hP8hm7VpxYhNHZHKvZTdRckberlFk3VnCmr3xBUyMBut12Q+T2aOw=="
      },
      "Microsoft.Extensions.Configuration.Binder": {
        "type": "CentralTransitive",
        "requested": "[7.0.4, )",
        "resolved": "7.0.4",
        "contentHash": "8+XPvJnHZsYgHOQlcMuQe7QNF5KdVKHH1F/wW3nd8/u81Gk/XFAYMDP0Lpz18h7/AM95M662vvqMorcYxCBB4w==",
        "dependencies": {
          "Microsoft.Extensions.Configuration.Abstractions": "7.0.0"
        }
      }
    }
  }
}