
Microsoft Visual Studio Solution File, Format Version 12.00
# Visual Studio Version 17
VisualStudioVersion = 17.6.33706.43
MinimumVisualStudioVersion = 10.0.40219.1
Project("{FAE04EC0-301F-11D3-BF4B-00C04F79EFBC}") = "Volzedd.Core", "Volzedd.Core\Volzedd.Core.csproj", "{7ED6A646-DE78-4E80-B4F6-EF03865F2E27}"
EndProject
Project("{FAE04EC0-301F-11D3-BF4B-00C04F79EFBC}") = "Volzedd.Data", "Volzedd.Data\Volzedd.Data.csproj", "{53723200-94C7-467D-B84E-7EFE068D7359}"
EndProject
Project("{FAE04EC0-301F-11D3-BF4B-00C04F79EFBC}") = "Volzedd.Telemetry", "Volzedd.Telemetry\Volzedd.Telemetry.csproj", "{C79B1D53-4D1F-44A2-984B-77CF61B1316E}"
EndProject
Project("{9A19103F-16F7-4668-BE54-9A1E7A4F7556}") = "_build", "..\nukebuild\_build.csproj", "{E7C81041-7329-49D9-B317-65A2A6ED6499}"
EndProject
Global
	GlobalSection(SolutionConfigurationPlatforms) = preSolution
		Debug|Any CPU = Debug|Any CPU
		Release|Any CPU = Release|Any CPU
	EndGlobalSection
	GlobalSection(ProjectConfigurationPlatforms) = postSolution
		{E7C81041-7329-49D9-B317-65A2A6ED6499}.Debug|Any CPU.ActiveCfg = Debug|Any CPU
		{E7C81041-7329-49D9-B317-65A2A6ED6499}.Release|Any CPU.ActiveCfg = Release|Any CPU
		{7ED6A646-DE78-4E80-B4F6-EF03865F2E27}.Debug|Any CPU.ActiveCfg = Debug|Any CPU
		{7ED6A646-DE78-4E80-B4F6-EF03865F2E27}.Debug|Any CPU.Build.0 = Debug|Any CPU
		{7ED6A646-DE78-4E80-B4F6-EF03865F2E27}.Release|Any CPU.ActiveCfg = Release|Any CPU
		{7ED6A646-DE78-4E80-B4F6-EF03865F2E27}.Release|Any CPU.Build.0 = Release|Any CPU
		{53723200-94C7-467D-B84E-7EFE068D7359}.Debug|Any CPU.ActiveCfg = Debug|Any CPU
		{53723200-94C7-467D-B84E-7EFE068D7359}.Debug|Any CPU.Build.0 = Debug|Any CPU
		{53723200-94C7-467D-B84E-7EFE068D7359}.Release|Any CPU.ActiveCfg = Release|Any CPU
		{53723200-94C7-467D-B84E-7EFE068D7359}.Release|Any CPU.Build.0 = Release|Any CPU
		{C79B1D53-4D1F-44A2-984B-77CF61B1316E}.Debug|Any CPU.ActiveCfg = Debug|Any CPU
		{C79B1D53-4D1F-44A2-984B-77CF61B1316E}.Debug|Any CPU.Build.0 = Debug|Any CPU
		{C79B1D53-4D1F-44A2-984B-77CF61B1316E}.Release|Any CPU.ActiveCfg = Release|Any CPU
		{C79B1D53-4D1F-44A2-984B-77CF61B1316E}.Release|Any CPU.Build.0 = Release|Any CPU
	EndGlobalSection
	GlobalSection(SolutionProperties) = preSolution
		HideSolutionNode = FALSE
	EndGlobalSection
	GlobalSection(ExtensibilityGlobals) = postSolution
		SolutionGuid = {F87F4E93-BEC8-4A55-993C-85AF560822C2}
	EndGlobalSection
EndGlobal
